dependencies:
- name: opentelemetry-collector
  repository: https://open-telemetry.github.io/opentelemetry-helm-charts
  version: 0.36.3
- name: jaeger
  repository: https://jaegertracing.github.io/helm-charts
  version: 0.62.1
- name: kube-prometheus-stack
  repository: https://prometheus-community.github.io/helm-charts
  version: 56.2.1
digest: sha256:c930a7e7afc57cb42aa0d2cc589d1523b910e7e83cc6b0e445130d5689bac272
generated: "2024-01-30T08:27:06.827785793-03:00"
